// !$*UTF8*$!
{
	archiveVersion = 1;
	classes = {
	};
	objectVersion = 50;
	objects = {

/* Begin PBXBuildFile section */
		EE0744D7227C6D8D000989AF /* Actors.swift in Sources */ = {isa = PBXBuildFile; fileRef = EE0744D6227C6D8D000989AF /* Actors.swift */; };
		EE0744DC227C7E00000989AF /* ByTheWall.mp3 in Resources */ = {isa = PBXBuildFile; fileRef = EE0744DB227C7E00000989AF /* ByTheWall.mp3 */; };
		EE0744DE227C7E84000989AF /* Water 003.wav in Resources */ = {isa = PBXBuildFile; fileRef = EE0744DD227C7E84000989AF /* Water 003.wav */; };
		EE0744E2227C8693000989AF /* Shot 003.wav in Resources */ = {isa = PBXBuildFile; fileRef = EE0744DF227C8693000989AF /* Shot 003.wav */; };
		EE0744E3227C8693000989AF /* Launch 001.wav in Resources */ = {isa = PBXBuildFile; fileRef = EE0744E0227C8693000989AF /* Launch 001.wav */; };
		EE0744E4227C8693000989AF /* Laser 006.wav in Resources */ = {isa = PBXBuildFile; fileRef = EE0744E1227C8693000989AF /* Laser 006.wav */; };
		EE0744E6227C890F000989AF /* Rattle 007.wav in Resources */ = {isa = PBXBuildFile; fileRef = EE0744E5227C890F000989AF /* Rattle 007.wav */; };
		EE0744E8227C8A00000989AF /* GameOverScene.swift in Sources */ = {isa = PBXBuildFile; fileRef = EE0744E7227C8A00000989AF /* GameOverScene.swift */; };
		EE0744EA227C8C25000989AF /* Water 009.wav in Resources */ = {isa = PBXBuildFile; fileRef = EE0744E9227C8C24000989AF /* Water 009.wav */; };
		EE0744EC227C8CA1000989AF /* Misc 003.wav in Resources */ = {isa = PBXBuildFile; fileRef = EE0744EB227C8CA1000989AF /* Misc 003.wav */; };
		EE1D530C226632EB006883AD /* AppDelegate.swift in Sources */ = {isa = PBXBuildFile; fileRef = EE1D530B226632EB006883AD /* AppDelegate.swift */; };
		EE1D530E226632EB006883AD /* GameScene.sks in Resources */ = {isa = PBXBuildFile; fileRef = EE1D530D226632EB006883AD /* GameScene.sks */; };
		EE1D5310226632EB006883AD /* Actions.sks in Resources */ = {isa = PBXBuildFile; fileRef = EE1D530F226632EB006883AD /* Actions.sks */; };
		EE1D5312226632EB006883AD /* GameScene.swift in Sources */ = {isa = PBXBuildFile; fileRef = EE1D5311226632EB006883AD /* GameScene.swift */; };
		EE1D5314226632EB006883AD /* ViewController.swift in Sources */ = {isa = PBXBuildFile; fileRef = EE1D5313226632EB006883AD /* ViewController.swift */; };
		EE1D5316226632EC006883AD /* Assets.xcassets in Resources */ = {isa = PBXBuildFile; fileRef = EE1D5315226632EC006883AD /* Assets.xcassets */; };
		EE1D5319226632EC006883AD /* Main.storyboard in Resources */ = {isa = PBXBuildFile; fileRef = EE1D5317226632EC006883AD /* Main.storyboard */; };
		EE65BEA6228432FE00D4B714 /* Constants.swift in Sources */ = {isa = PBXBuildFile; fileRef = EE65BEA5228432FE00D4B714 /* Constants.swift */; };
		EE6D192B227DA2CF006CC96A /* Laser 012.wav in Resources */ = {isa = PBXBuildFile; fileRef = EE6D192A227DA2CF006CC96A /* Laser 012.wav */; };
		EECD74382281E70D00B641F4 /* SparkParticles.sks in Resources */ = {isa = PBXBuildFile; fileRef = EECD74372281E70D00B641F4 /* SparkParticles.sks */; };
/* End PBXBuildFile section */

/* Begin PBXFileReference section */
		EE0744D6227C6D8D000989AF /* Actors.swift */ = {isa = PBXFileReference; lastKnownFileType = sourcecode.swift; path = Actors.swift; sourceTree = "<group>"; };
		EE0744DB227C7E00000989AF /* ByTheWall.mp3 */ = {isa = PBXFileReference; lastKnownFileType = audio.mp3; path = ByTheWall.mp3; sourceTree = "<group>"; };
		EE0744DD227C7E84000989AF /* Water 003.wav */ = {isa = PBXFileReference; lastKnownFileType = audio.wav; path = "Water 003.wav"; sourceTree = "<group>"; };
		EE0744DF227C8693000989AF /* Shot 003.wav */ = {isa = PBXFileReference; lastKnownFileType = audio.wav; path = "Shot 003.wav"; sourceTree = "<group>"; };
		EE0744E0227C8693000989AF /* Launch 001.wav */ = {isa = PBXFileReference; lastKnownFileType = audio.wav; path = "Launch 001.wav"; sourceTree = "<group>"; };
		EE0744E1227C8693000989AF /* Laser 006.wav */ = {isa = PBXFileReference; lastKnownFileType = audio.wav; path = "Laser 006.wav"; sourceTree = "<group>"; };
		EE0744E5227C890F000989AF /* Rattle 007.wav */ = {isa = PBXFileReference; lastKnownFileType = audio.wav; path = "Rattle 007.wav"; sourceTree = "<group>"; };
		EE0744E7227C8A00000989AF /* GameOverScene.swift */ = {isa = PBXFileReference; lastKnownFileType = sourcecode.swift; path = GameOverScene.swift; sourceTree = "<group>"; };
		EE0744E9227C8C24000989AF /* Water 009.wav */ = {isa = PBXFileReference; lastKnownFileType = audio.wav; path = "Water 009.wav"; sourceTree = "<group>"; };
		EE0744EB227C8CA1000989AF /* Misc 003.wav */ = {isa = PBXFileReference; lastKnownFileType = audio.wav; path = "Misc 003.wav"; sourceTree = "<group>"; };
		EE1D5308226632EB006883AD /* MazeWalker.app */ = {isa = PBXFileReference; explicitFileType = wrapper.application; includeInIndex = 0; path = MazeWalker.app; sourceTree = BUILT_PRODUCTS_DIR; };
		EE1D530B226632EB006883AD /* AppDelegate.swift */ = {isa = PBXFileReference; lastKnownFileType = sourcecode.swift; path = AppDelegate.swift; sourceTree = "<group>"; };
		EE1D530D226632EB006883AD /* GameScene.sks */ = {isa = PBXFileReference; lastKnownFileType = file.sks; path = GameScene.sks; sourceTree = "<group>"; };
		EE1D530F226632EB006883AD /* Actions.sks */ = {isa = PBXFileReference; lastKnownFileType = file.sks; path = Actions.sks; sourceTree = "<group>"; };
		EE1D5311226632EB006883AD /* GameScene.swift */ = {isa = PBXFileReference; lastKnownFileType = sourcecode.swift; path = GameScene.swift; sourceTree = "<group>"; };
		EE1D5313226632EB006883AD /* ViewController.swift */ = {isa = PBXFileReference; lastKnownFileType = sourcecode.swift; path = ViewController.swift; sourceTree = "<group>"; };
		EE1D5315226632EC006883AD /* Assets.xcassets */ = {isa = PBXFileReference; lastKnownFileType = folder.assetcatalog; path = Assets.xcassets; sourceTree = "<group>"; };
		EE1D5318226632EC006883AD /* Base */ = {isa = PBXFileReference; lastKnownFileType = file.storyboard; name = Base; path = Base.lproj/Main.storyboard; sourceTree = "<group>"; };
		EE1D531A226632EC006883AD /* Info.plist */ = {isa = PBXFileReference; lastKnownFileType = text.plist.xml; path = Info.plist; sourceTree = "<group>"; };
		EE1D531B226632EC006883AD /* MazeWalker.entitlements */ = {isa = PBXFileReference; lastKnownFileType = text.plist.entitlements; path = MazeWalker.entitlements; sourceTree = "<group>"; };
		EE65BEA5228432FE00D4B714 /* Constants.swift */ = {isa = PBXFileReference; lastKnownFileType = sourcecode.swift; path = Constants.swift; sourceTree = "<group>"; };
		EE6D192A227DA2CF006CC96A /* Laser 012.wav */ = {isa = PBXFileReference; lastKnownFileType = audio.wav; path = "Laser 012.wav"; sourceTree = "<group>"; };
		EECD74372281E70D00B641F4 /* SparkParticles.sks */ = {isa = PBXFileReference; lastKnownFileType = file.sks; path = SparkParticles.sks; sourceTree = "<group>"; };
/* End PBXFileReference section */

/* Begin PBXFrameworksBuildPhase section */
		EE1D5305226632EB006883AD /* Frameworks */ = {
			isa = PBXFrameworksBuildPhase;
			buildActionMask = 2147483647;
			files = (
			);
			runOnlyForDeploymentPostprocessing = 0;
		};
/* End PBXFrameworksBuildPhase section */

/* Begin PBXGroup section */
		EE0744D8227C7BD5000989AF /* Sounds */ = {
			isa = PBXGroup;
			children = (
				EE6D192A227DA2CF006CC96A /* Laser 012.wav */,
				EE0744EB227C8CA1000989AF /* Misc 003.wav */,
				EE0744E9227C8C24000989AF /* Water 009.wav */,
				EE0744E5227C890F000989AF /* Rattle 007.wav */,
				EE0744E1227C8693000989AF /* Laser 006.wav */,
				EE0744E0227C8693000989AF /* Launch 001.wav */,
				EE0744DF227C8693000989AF /* Shot 003.wav */,
				EE0744DD227C7E84000989AF /* Water 003.wav */,
				EE0744DB227C7E00000989AF /* ByTheWall.mp3 */,
			);
			path = Sounds;
			sourceTree = "<group>";
		};
		EE1D52FF226632EB006883AD = {
			isa = PBXGroup;
			children = (
				EE1D530A226632EB006883AD /* MazeWalker */,
				EE1D5309226632EB006883AD /* Products */,
			);
			sourceTree = "<group>";
		};
		EE1D5309226632EB006883AD /* Products */ = {
			isa = PBXGroup;
			children = (
				EE1D5308226632EB006883AD /* MazeWalker.app */,
			);
			name = Products;
			sourceTree = "<group>";
		};
		EE1D530A226632EB006883AD /* MazeWalker */ = {
			isa = PBXGroup;
			children = (
				EE0744D8227C7BD5000989AF /* Sounds */,
				EE1D530B226632EB006883AD /* AppDelegate.swift */,
				EE1D530D226632EB006883AD /* GameScene.sks */,
				EE1D530F226632EB006883AD /* Actions.sks */,
				EECD74372281E70D00B641F4 /* SparkParticles.sks */,
				EE65BEA5228432FE00D4B714 /* Constants.swift */,
				EE1D5311226632EB006883AD /* GameScene.swift */,
				EE0744E7227C8A00000989AF /* GameOverScene.swift */,
				EE0744D6227C6D8D000989AF /* Actors.swift */,
				EE1D5313226632EB006883AD /* ViewController.swift */,
				EE1D5315226632EC006883AD /* Assets.xcassets */,
				EE1D5317226632EC006883AD /* Main.storyboard */,
				EE1D531A226632EC006883AD /* Info.plist */,
				EE1D531B226632EC006883AD /* MazeWalker.entitlements */,
			);
			path = MazeWalker;
			sourceTree = "<group>";
		};
/* End PBXGroup section */

/* Begin PBXNativeTarget section */
		EE1D5307226632EB006883AD /* MazeWalker */ = {
			isa = PBXNativeTarget;
			buildConfigurationList = EE1D531E226632EC006883AD /* Build configuration list for PBXNativeTarget "MazeWalker" */;
			buildPhases = (
				EE1D5304226632EB006883AD /* Sources */,
				EE1D5305226632EB006883AD /* Frameworks */,
				EE1D5306226632EB006883AD /* Resources */,
			);
			buildRules = (
			);
			dependencies = (
			);
			name = MazeWalker;
			productName = MazeWalker;
			productReference = EE1D5308226632EB006883AD /* MazeWalker.app */;
			productType = "com.apple.product-type.application";
		};
/* End PBXNativeTarget section */

/* Begin PBXProject section */
		EE1D5300226632EB006883AD /* Project object */ = {
			isa = PBXProject;
			attributes = {
				LastSwiftUpdateCheck = 1020;
				LastUpgradeCheck = 1020;
				ORGANIZATIONNAME = VP;
				TargetAttributes = {
					EE1D5307226632EB006883AD = {
						CreatedOnToolsVersion = 10.2;
					};
				};
			};
			buildConfigurationList = EE1D5303226632EB006883AD /* Build configuration list for PBXProject "MazeWalker" */;
			compatibilityVersion = "Xcode 9.3";
			developmentRegion = en;
			hasScannedForEncodings = 0;
			knownRegions = (
				en,
				Base,
			);
			mainGroup = EE1D52FF226632EB006883AD;
			productRefGroup = EE1D5309226632EB006883AD /* Products */;
			projectDirPath = "";
			projectRoot = "";
			targets = (
				EE1D5307226632EB006883AD /* MazeWalker */,
			);
		};
/* End PBXProject section */

/* Begin PBXResourcesBuildPhase section */
		EE1D5306226632EB006883AD /* Resources */ = {
			isa = PBXResourcesBuildPhase;
			buildActionMask = 2147483647;
			files = (
				EE1D530E226632EB006883AD /* GameScene.sks in Resources */,
				EE1D5316226632EC006883AD /* Assets.xcassets in Resources */,
				EE0744E4227C8693000989AF /* Laser 006.wav in Resources */,
				EE0744EA227C8C25000989AF /* Water 009.wav in Resources */,
				EE0744DC227C7E00000989AF /* ByTheWall.mp3 in Resources */,
				EE0744DE227C7E84000989AF /* Water 003.wav in Resources */,
				EE6D192B227DA2CF006CC96A /* Laser 012.wav in Resources */,
				EE1D5310226632EB006883AD /* Actions.sks in Resources */,
				EE1D5319226632EC006883AD /* Main.storyboard in Resources */,
				EECD74382281E70D00B641F4 /* SparkParticles.sks in Resources */,
				EE0744E3227C8693000989AF /* Launch 001.wav in Resources */,
				EE0744E2227C8693000989AF /* Shot 003.wav in Resources */,
				EE0744E6227C890F000989AF /* Rattle 007.wav in Resources */,
				EE0744EC227C8CA1000989AF /* Misc 003.wav in Resources */,
			);
			runOnlyForDeploymentPostprocessing = 0;
		};
/* End PBXResourcesBuildPhase section */

/* Begin PBXSourcesBuildPhase section */
		EE1D5304226632EB006883AD /* Sources */ = {
			isa = PBXSourcesBuildPhase;
			buildActionMask = 2147483647;
			files = (
				EE0744E8227C8A00000989AF /* GameOverScene.swift in Sources */,
				EE0744D7227C6D8D000989AF /* Actors.swift in Sources */,
				EE1D5314226632EB006883AD /* ViewController.swift in Sources */,
				EE1D5312226632EB006883AD /* GameScene.swift in Sources */,
				EE1D530C226632EB006883AD /* AppDelegate.swift in Sources */,
				EE65BEA6228432FE00D4B714 /* Constants.swift in Sources */,
			);
			runOnlyForDeploymentPostprocessing = 0;
		};
/* End PBXSourcesBuildPhase section */

/* Begin PBXVariantGroup section */
		EE1D5317226632EC006883AD /* Main.storyboard */ = {
			isa = PBXVariantGroup;
			children = (
				EE1D5318226632EC006883AD /* Base */,
			);
			name = Main.storyboard;
			sourceTree = "<group>";
		};
/* End PBXVariantGroup section */

/* Begin XCBuildConfiguration section */
		EE1D531C226632EC006883AD /* Debug */ = {
			isa = XCBuildConfiguration;
			buildSettings = {
				ALWAYS_SEARCH_USER_PATHS = NO;
				CLANG_ANALYZER_NONNULL = YES;
				CLANG_ANALYZER_NUMBER_OBJECT_CONVERSION = YES_AGGRESSIVE;
				CLANG_CXX_LANGUAGE_STANDARD = "gnu++14";
				CLANG_CXX_LIBRARY = "libc++";
				CLANG_ENABLE_MODULES = YES;
				CLANG_ENABLE_OBJC_ARC = YES;
				CLANG_ENABLE_OBJC_WEAK = YES;
				CLANG_WARN_BLOCK_CAPTURE_AUTORELEASING = YES;
				CLANG_WARN_BOOL_CONVERSION = YES;
				CLANG_WARN_COMMA = YES;
				CLANG_WARN_CONSTANT_CONVERSION = YES;
				CLANG_WARN_DEPRECATED_OBJC_IMPLEMENTATIONS = YES;
				CLANG_WARN_DIRECT_OBJC_ISA_USAGE = YES_ERROR;
				CLANG_WARN_DOCUMENTATION_COMMENTS = YES;
				CLANG_WARN_EMPTY_BODY = YES;
				CLANG_WARN_ENUM_CONVERSION = YES;
				CLANG_WARN_INFINITE_RECURSION = YES;
				CLANG_WARN_INT_CONVERSION = YES;
				CLANG_WARN_NON_LITERAL_NULL_CONVERSION = YES;
				CLANG_WARN_OBJC_IMPLICIT_RETAIN_SELF = YES;
				CLANG_WARN_OBJC_LITERAL_CONVERSION = YES;
				CLANG_WARN_OBJC_ROOT_CLASS = YES_ERROR;
				CLANG_WARN_RANGE_LOOP_ANALYSIS = YES;
				CLANG_WARN_STRICT_PROTOTYPES = YES;
				CLANG_WARN_SUSPICIOUS_MOVE = YES;
				CLANG_WARN_UNGUARDED_AVAILABILITY = YES_AGGRESSIVE;
				CLANG_WARN_UNREACHABLE_CODE = YES;
				CLANG_WARN__DUPLICATE_METHOD_MATCH = YES;
				CODE_SIGN_IDENTITY = "Mac Developer";
				COPY_PHASE_STRIP = NO;
				DEBUG_INFORMATION_FORMAT = dwarf;
				ENABLE_STRICT_OBJC_MSGSEND = YES;
				ENABLE_TESTABILITY = YES;
				GCC_C_LANGUAGE_STANDARD = gnu11;
				GCC_DYNAMIC_NO_PIC = NO;
				GCC_NO_COMMON_BLOCKS = YES;
				GCC_OPTIMIZATION_LEVEL = 0;
				GCC_PREPROCESSOR_DEFINITIONS = (
					"DEBUG=1",
					"$(inherited)",
				);
				GCC_WARN_64_TO_32_BIT_CONVERSION = YES;
				GCC_WARN_ABOUT_RETURN_TYPE = YES_ERROR;
				GCC_WARN_UNDECLARED_SELECTOR = YES;
				GCC_WARN_UNINITIALIZED_AUTOS = YES_AGGRESSIVE;
				GCC_WARN_UNUSED_FUNCTION = YES;
				GCC_WARN_UNUSED_VARIABLE = YES;
				MACOSX_DEPLOYMENT_TARGET = 10.11;
				MTL_ENABLE_DEBUG_INFO = INCLUDE_SOURCE;
				MTL_FAST_MATH = YES;
				ONLY_ACTIVE_ARCH = YES;
				SDKROOT = macosx;
				SWIFT_ACTIVE_COMPILATION_CONDITIONS = DEBUG;
				SWIFT_OPTIMIZATION_LEVEL = "-Onone";
			};
			name = Debug;
		};
		EE1D531D226632EC006883AD /* Release */ = {
			isa = XCBuildConfiguration;
			buildSettings = {
				ALWAYS_SEARCH_USER_PATHS = NO;
				CLANG_ANALYZER_NONNULL = YES;
				CLANG_ANALYZER_NUMBER_OBJECT_CONVERSION = YES_AGGRESSIVE;
				CLANG_CXX_LANGUAGE_STANDARD = "gnu++14";
				CLANG_CXX_LIBRARY = "libc++";
				CLANG_ENABLE_MODULES = YES;
				CLANG_ENABLE_OBJC_ARC = YES;
				CLANG_ENABLE_OBJC_WEAK = YES;
				CLANG_WARN_BLOCK_CAPTURE_AUTORELEASING = YES;
				CLANG_WARN_BOOL_CONVERSION = YES;
				CLANG_WARN_COMMA = YES;
				CLANG_WARN_CONSTANT_CONVERSION = YES;
				CLANG_WARN_DEPRECATED_OBJC_IMPLEMENTATIONS = YES;
				CLANG_WARN_DIRECT_OBJC_ISA_USAGE = YES_ERROR;
				CLANG_WARN_DOCUMENTATION_COMMENTS = YES;
				CLANG_WARN_EMPTY_BODY = YES;
				CLANG_WARN_ENUM_CONVERSION = YES;
				CLANG_WARN_INFINITE_RECURSION = YES;
				CLANG_WARN_INT_CONVERSION = YES;
				CLANG_WARN_NON_LITERAL_NULL_CONVERSION = YES;
				CLANG_WARN_OBJC_IMPLICIT_RETAIN_SELF = YES;
				CLANG_WARN_OBJC_LITERAL_CONVERSION = YES;
				CLANG_WARN_OBJC_ROOT_CLASS = YES_ERROR;
				CLANG_WARN_RANGE_LOOP_ANALYSIS = YES;
				CLANG_WARN_STRICT_PROTOTYPES = YES;
				CLANG_WARN_SUSPICIOUS_MOVE = YES;
				CLANG_WARN_UNGUARDED_AVAILABILITY = YES_AGGRESSIVE;
				CLANG_WARN_UNREACHABLE_CODE = YES;
				CLANG_WARN__DUPLICATE_METHOD_MATCH = YES;
				CODE_SIGN_IDENTITY = "Mac Developer";
				COPY_PHASE_STRIP = NO;
				DEBUG_INFORMATION_FORMAT = "dwarf-with-dsym";
				ENABLE_NS_ASSERTIONS = NO;
				ENABLE_STRICT_OBJC_MSGSEND = YES;
				GCC_C_LANGUAGE_STANDARD = gnu11;
				GCC_NO_COMMON_BLOCKS = YES;
				GCC_WARN_64_TO_32_BIT_CONVERSION = YES;
				GCC_WARN_ABOUT_RETURN_TYPE = YES_ERROR;
				GCC_WARN_UNDECLARED_SELECTOR = YES;
				GCC_WARN_UNINITIALIZED_AUTOS = YES_AGGRESSIVE;
				GCC_WARN_UNUSED_FUNCTION = YES;
				GCC_WARN_UNUSED_VARIABLE = YES;
				MACOSX_DEPLOYMENT_TARGET = 10.11;
				MTL_ENABLE_DEBUG_INFO = NO;
				MTL_FAST_MATH = YES;
				SDKROOT = macosx;
				SWIFT_COMPILATION_MODE = wholemodule;
				SWIFT_OPTIMIZATION_LEVEL = "-O";
			};
			name = Release;
		};
		EE1D531F226632EC006883AD /* Debug */ = {
			isa = XCBuildConfiguration;
			buildSettings = {
				ASSETCATALOG_COMPILER_APPICON_NAME = AppIcon;
				CODE_SIGN_ENTITLEMENTS = MazeWalker/MazeWalker.entitlements;
				CODE_SIGN_STYLE = Automatic;
				COMBINE_HIDPI_IMAGES = YES;
				DEVELOPMENT_TEAM = PTSVY6WKXU;
				INFOPLIST_FILE = MazeWalker/Info.plist;
				LD_RUNPATH_SEARCH_PATHS = (
					"$(inherited)",
					"@executable_path/../Frameworks",
				);
				MACOSX_DEPLOYMENT_TARGET = 10.11;
				PRODUCT_BUNDLE_IDENTIFIER = com.vpetrenko.MazeWalker;
				PRODUCT_NAME = "$(TARGET_NAME)";
				SWIFT_VERSION = 5.0;
			};
			name = Debug;
		};
		EE1D5320226632EC006883AD /* Release */ = {
			isa = XCBuildConfiguration;
			buildSettings = {
				ASSETCATALOG_COMPILER_APPICON_NAME = AppIcon;
				CODE_SIGN_ENTITLEMENTS = MazeWalker/MazeWalker.entitlements;
				CODE_SIGN_STYLE = Automatic;
				COMBINE_HIDPI_IMAGES = YES;
				DEVELOPMENT_TEAM = PTSVY6WKXU;
				INFOPLIST_FILE = MazeWalker/Info.plist;
				LD_RUNPATH_SEARCH_PATHS = (
					"$(inherited)",
					"@executable_path/../Frameworks",
				);
				MACOSX_DEPLOYMENT_TARGET = 10.11;
				PRODUCT_BUNDLE_IDENTIFIER = com.vpetrenko.MazeWalker;
				PRODUCT_NAME = "$(TARGET_NAME)";
				SWIFT_VERSION = 5.0;
			};
			name = Release;
		};
/* End XCBuildConfiguration section */

/* Begin XCConfigurationList section */
		EE1D5303226632EB006883AD /* Build configuration list for PBXProject "MazeWalker" */ = {
			isa = XCConfigurationList;
			buildConfigurations = (
				EE1D531C226632EC006883AD /* Debug */,
				EE1D531D226632EC006883AD /* Release */,
			);
			defaultConfigurationIsVisible = 0;
			defaultConfigurationName = Release;
		};
		EE1D531E226632EC006883AD /* Build configuration list for PBXNativeTarget "MazeWalker" */ = {
			isa = XCConfigurationList;
			buildConfigurations = (
				EE1D531F226632EC006883AD /* Debug */,
				EE1D5320226632EC006883AD /* Release */,
			);
			defaultConfigurationIsVisible = 0;
			defaultConfigurationName = Release;
		};
/* End XCConfigurationList section */
	};
	rootObject = EE1D5300226632EB006883AD /* Project object */;
}
